
Microsoft Visual Studio Solution File, Format Version 12.00
# Visual Studio Version 17
VisualStudioVersion = 17.5.33516.290
MinimumVisualStudioVersion = 10.0.40219.1
Project("{888888A0-9F3D-457C-B088-3A5042F75D52}") = "LogisticReg", "LogisticReg.pyproj", "{F864C030-F9D1-4B66-BC0B-4E2E8876C750}"
EndProject
Global
	GlobalSection(SolutionConfigurationPlatforms) = preSolution
		Debug|Any CPU = Debug|Any CPU
		Release|Any CPU = Release|Any CPU
	EndGlobalSection
	GlobalSection(ProjectConfigurationPlatforms) = postSolution
		{F864C030-F9D1-4B66-BC0B-4E2E8876C750}.Debug|Any CPU.ActiveCfg = Debug|Any CPU
		{F864C030-F9D1-4B66-BC0B-4E2E8876C750}.Release|Any CPU.ActiveCfg = Release|Any CPU
	EndGlobalSection
	GlobalSection(SolutionProperties) = preSolution
		HideSolutionNode = FALSE
	EndGlobalSection
	GlobalSection(ExtensibilityGlobals) = postSolution
		SolutionGuid = {6616E43A-5756-4937-AC28-E57C6702D497}
	EndGlobalSection
EndGlobal
